// !$*UTF8*$!
{
	archiveVersion = 1;
	classes = {
	};
	objectVersion = 56;
	objects = {

/* Begin PBXBuildFile section */
		0E70DFCF2B24B32B0035BCF3 /* SQLiteCategoryCommands.swift in Sources */ = {isa = PBXBuildFile; fileRef = 0E70DFCE2B24B32B0035BCF3 /* SQLiteCategoryCommands.swift */; };
		0E70DFD22B25552B0035BCF3 /* Cart.swift in Sources */ = {isa = PBXBuildFile; fileRef = 0E70DFD12B25552B0035BCF3 /* Cart.swift */; };
		0E70DFD42B2555DB0035BCF3 /* CartViewModel.swift in Sources */ = {isa = PBXBuildFile; fileRef = 0E70DFD32B2555DB0035BCF3 /* CartViewModel.swift */; };
		0E70DFD72B2556C60035BCF3 /* AppModule.swift in Sources */ = {isa = PBXBuildFile; fileRef = 0E70DFD62B2556C60035BCF3 /* AppModule.swift */; };
		0E70DFD92B2557610035BCF3 /* CartManager.swift in Sources */ = {isa = PBXBuildFile; fileRef = 0E70DFD82B2557610035BCF3 /* CartManager.swift */; };
		0E70DFDB2B2559FD0035BCF3 /* CartModel.swift in Sources */ = {isa = PBXBuildFile; fileRef = 0E70DFDA2B2559FD0035BCF3 /* CartModel.swift */; };
		0E70DFDD2B25FB400035BCF3 /* PaymentManager.swift in Sources */ = {isa = PBXBuildFile; fileRef = 0E70DFDC2B25FB400035BCF3 /* PaymentManager.swift */; };
		0E70DFE02B26214B0035BCF3 /* PaymentGatewayController.swift in Sources */ = {isa = PBXBuildFile; fileRef = 0E70DFDF2B26214B0035BCF3 /* PaymentGatewayController.swift */; };
		0E70DFE22B2649DB0035BCF3 /* HomeViewModel.swift in Sources */ = {isa = PBXBuildFile; fileRef = 0E70DFE12B2649DB0035BCF3 /* HomeViewModel.swift */; };
		0E70DFE42B264A180035BCF3 /* HomeModel.swift in Sources */ = {isa = PBXBuildFile; fileRef = 0E70DFE32B264A180035BCF3 /* HomeModel.swift */; };
		0EFF39E62B2060AB0040A1BE /* AssignmentMuseWearablesApp.swift in Sources */ = {isa = PBXBuildFile; fileRef = 0EFF39E52B2060AB0040A1BE /* AssignmentMuseWearablesApp.swift */; };
		0EFF39EA2B2060AD0040A1BE /* Assets.xcassets in Resources */ = {isa = PBXBuildFile; fileRef = 0EFF39E92B2060AD0040A1BE /* Assets.xcassets */; };
		0EFF39ED2B2060AD0040A1BE /* Preview Assets.xcassets in Resources */ = {isa = PBXBuildFile; fileRef = 0EFF39EC2B2060AD0040A1BE /* Preview Assets.xcassets */; };
		0EFF39F62B2060FF0040A1BE /* Home.swift in Sources */ = {isa = PBXBuildFile; fileRef = 0EFF39F52B2060FF0040A1BE /* Home.swift */; };
		0EFF39FC2B20748F0040A1BE /* Categories.swift in Sources */ = {isa = PBXBuildFile; fileRef = 0EFF39FB2B20748F0040A1BE /* Categories.swift */; };
		0EFF3A002B2077650040A1BE /* SearchBar.swift in Sources */ = {isa = PBXBuildFile; fileRef = 0EFF39FF2B2077650040A1BE /* SearchBar.swift */; };
		0EFF3A032B208E130040A1BE /* CategoryItem.swift in Sources */ = {isa = PBXBuildFile; fileRef = 0EFF3A022B208E130040A1BE /* CategoryItem.swift */; };
		0EFF3A062B2095890040A1BE /* Category.swift in Sources */ = {isa = PBXBuildFile; fileRef = 0EFF3A052B2095890040A1BE /* Category.swift */; };
		0EFF3A092B209D870040A1BE /* CategoriesItem.swift in Sources */ = {isa = PBXBuildFile; fileRef = 0EFF3A082B209D870040A1BE /* CategoriesItem.swift */; };
		0EFF3A0C2B20B5230040A1BE /* AboutItem.swift in Sources */ = {isa = PBXBuildFile; fileRef = 0EFF3A0B2B20B5230040A1BE /* AboutItem.swift */; };
		0EFF3A0E2B20D6E30040A1BE /* CategoriesViewModel.swift in Sources */ = {isa = PBXBuildFile; fileRef = 0EFF3A0D2B20D6E30040A1BE /* CategoriesViewModel.swift */; };
		0EFF3A102B20D6F90040A1BE /* CategoriesModel.swift in Sources */ = {isa = PBXBuildFile; fileRef = 0EFF3A0F2B20D6F90040A1BE /* CategoriesModel.swift */; };
		0EFF3A152B20D9ED0040A1BE /* NetworkManager.swift in Sources */ = {isa = PBXBuildFile; fileRef = 0EFF3A142B20D9ED0040A1BE /* NetworkManager.swift */; };
		0EFF3A182B20E42F0040A1BE /* CategoryViewModel.swift in Sources */ = {isa = PBXBuildFile; fileRef = 0EFF3A172B20E42F0040A1BE /* CategoryViewModel.swift */; };
		0EFF3A1A2B20E5950040A1BE /* CategoryModel.swift in Sources */ = {isa = PBXBuildFile; fileRef = 0EFF3A192B20E5950040A1BE /* CategoryModel.swift */; };
		0EFF3A1C2B2167760040A1BE /* AboutItemViewModel.swift in Sources */ = {isa = PBXBuildFile; fileRef = 0EFF3A1B2B2167760040A1BE /* AboutItemViewModel.swift */; };
		0EFF3A1F2B218B4D0040A1BE /* Address.swift in Sources */ = {isa = PBXBuildFile; fileRef = 0EFF3A1E2B218B4D0040A1BE /* Address.swift */; };
		0EFF3A222B219DBA0040A1BE /* Main.swift in Sources */ = {isa = PBXBuildFile; fileRef = 0EFF3A212B219DBA0040A1BE /* Main.swift */; };
		0EFF3A242B21D2710040A1BE /* AddressViewModel.swift in Sources */ = {isa = PBXBuildFile; fileRef = 0EFF3A232B21D2710040A1BE /* AddressViewModel.swift */; };
		0EFF3A282B2202770040A1BE /* Billing.swift in Sources */ = {isa = PBXBuildFile; fileRef = 0EFF3A272B2202770040A1BE /* Billing.swift */; };
		0EFF3A2A2B2210950040A1BE /* BillingViewModel.swift in Sources */ = {isa = PBXBuildFile; fileRef = 0EFF3A292B2210950040A1BE /* BillingViewModel.swift */; };
		0EFF3A2D2B2223060040A1BE /* Profile.swift in Sources */ = {isa = PBXBuildFile; fileRef = 0EFF3A2C2B2223060040A1BE /* Profile.swift */; };
		0EFF3A2F2B2223110040A1BE /* ProfileViewModel.swift in Sources */ = {isa = PBXBuildFile; fileRef = 0EFF3A2E2B2223110040A1BE /* ProfileViewModel.swift */; };
		0EFF3A322B222A5C0040A1BE /* SQLite in Frameworks */ = {isa = PBXBuildFile; productRef = 0EFF3A312B222A5C0040A1BE /* SQLite */; };
		0EFF3A352B2238160040A1BE /* Stripe in Frameworks */ = {isa = PBXBuildFile; productRef = 0EFF3A342B2238160040A1BE /* Stripe */; };
		0EFF3A382B22ACB10040A1BE /* SQLiteDatabase.swift in Sources */ = {isa = PBXBuildFile; fileRef = 0EFF3A372B22ACB10040A1BE /* SQLiteDatabase.swift */; };
		0EFF3A3A2B22AE420040A1BE /* SQLiteCategoriesCommands.swift in Sources */ = {isa = PBXBuildFile; fileRef = 0EFF3A392B22AE420040A1BE /* SQLiteCategoriesCommands.swift */; };
		0EFF3A3C2B22B8CC0040A1BE /* OfflineManager.swift in Sources */ = {isa = PBXBuildFile; fileRef = 0EFF3A3B2B22B8CC0040A1BE /* OfflineManager.swift */; };
/* End PBXBuildFile section */

/* Begin PBXFileReference section */
		0E70DFCE2B24B32B0035BCF3 /* SQLiteCategoryCommands.swift */ = {isa = PBXFileReference; lastKnownFileType = sourcecode.swift; path = SQLiteCategoryCommands.swift; sourceTree = "<group>"; };
		0E70DFD12B25552B0035BCF3 /* Cart.swift */ = {isa = PBXFileReference; lastKnownFileType = sourcecode.swift; path = Cart.swift; sourceTree = "<group>"; };
		0E70DFD32B2555DB0035BCF3 /* CartViewModel.swift */ = {isa = PBXFileReference; lastKnownFileType = sourcecode.swift; path = CartViewModel.swift; sourceTree = "<group>"; };
		0E70DFD62B2556C60035BCF3 /* AppModule.swift */ = {isa = PBXFileReference; lastKnownFileType = sourcecode.swift; path = AppModule.swift; sourceTree = "<group>"; };
		0E70DFD82B2557610035BCF3 /* CartManager.swift */ = {isa = PBXFileReference; lastKnownFileType = sourcecode.swift; path = CartManager.swift; sourceTree = "<group>"; };
		0E70DFDA2B2559FD0035BCF3 /* CartModel.swift */ = {isa = PBXFileReference; lastKnownFileType = sourcecode.swift; path = CartModel.swift; sourceTree = "<group>"; };
		0E70DFDC2B25FB400035BCF3 /* PaymentManager.swift */ = {isa = PBXFileReference; lastKnownFileType = sourcecode.swift; path = PaymentManager.swift; sourceTree = "<group>"; };
		0E70DFDF2B26214B0035BCF3 /* PaymentGatewayController.swift */ = {isa = PBXFileReference; lastKnownFileType = sourcecode.swift; path = PaymentGatewayController.swift; sourceTree = "<group>"; };
		0E70DFE12B2649DB0035BCF3 /* HomeViewModel.swift */ = {isa = PBXFileReference; lastKnownFileType = sourcecode.swift; path = HomeViewModel.swift; sourceTree = "<group>"; };
		0E70DFE32B264A180035BCF3 /* HomeModel.swift */ = {isa = PBXFileReference; lastKnownFileType = sourcecode.swift; path = HomeModel.swift; sourceTree = "<group>"; };
		0EFF39E22B2060AB0040A1BE /* AssignmentMuseWearables.app */ = {isa = PBXFileReference; explicitFileType = wrapper.application; includeInIndex = 0; path = AssignmentMuseWearables.app; sourceTree = BUILT_PRODUCTS_DIR; };
		0EFF39E52B2060AB0040A1BE /* AssignmentMuseWearablesApp.swift */ = {isa = PBXFileReference; lastKnownFileType = sourcecode.swift; path = AssignmentMuseWearablesApp.swift; sourceTree = "<group>"; };
		0EFF39E92B2060AD0040A1BE /* Assets.xcassets */ = {isa = PBXFileReference; lastKnownFileType = folder.assetcatalog; path = Assets.xcassets; sourceTree = "<group>"; };
		0EFF39EC2B2060AD0040A1BE /* Preview Assets.xcassets */ = {isa = PBXFileReference; lastKnownFileType = folder.assetcatalog; path = "Preview Assets.xcassets"; sourceTree = "<group>"; };
		0EFF39F52B2060FF0040A1BE /* Home.swift */ = {isa = PBXFileReference; lastKnownFileType = sourcecode.swift; path = Home.swift; sourceTree = "<group>"; };
		0EFF39FB2B20748F0040A1BE /* Categories.swift */ = {isa = PBXFileReference; lastKnownFileType = sourcecode.swift; path = Categories.swift; sourceTree = "<group>"; };
		0EFF39FF2B2077650040A1BE /* SearchBar.swift */ = {isa = PBXFileReference; lastKnownFileType = sourcecode.swift; path = SearchBar.swift; sourceTree = "<group>"; };
		0EFF3A022B208E130040A1BE /* CategoryItem.swift */ = {isa = PBXFileReference; lastKnownFileType = sourcecode.swift; path = CategoryItem.swift; sourceTree = "<group>"; };
		0EFF3A052B2095890040A1BE /* Category.swift */ = {isa = PBXFileReference; lastKnownFileType = sourcecode.swift; path = Category.swift; sourceTree = "<group>"; };
		0EFF3A082B209D870040A1BE /* CategoriesItem.swift */ = {isa = PBXFileReference; lastKnownFileType = sourcecode.swift; path = CategoriesItem.swift; sourceTree = "<group>"; };
		0EFF3A0B2B20B5230040A1BE /* AboutItem.swift */ = {isa = PBXFileReference; lastKnownFileType = sourcecode.swift; path = AboutItem.swift; sourceTree = "<group>"; };
		0EFF3A0D2B20D6E30040A1BE /* CategoriesViewModel.swift */ = {isa = PBXFileReference; lastKnownFileType = sourcecode.swift; path = CategoriesViewModel.swift; sourceTree = "<group>"; };
		0EFF3A0F2B20D6F90040A1BE /* CategoriesModel.swift */ = {isa = PBXFileReference; lastKnownFileType = sourcecode.swift; path = CategoriesModel.swift; sourceTree = "<group>"; };
		0EFF3A142B20D9ED0040A1BE /* NetworkManager.swift */ = {isa = PBXFileReference; lastKnownFileType = sourcecode.swift; path = NetworkManager.swift; sourceTree = "<group>"; };
		0EFF3A162B20DC7A0040A1BE /* Info.plist */ = {isa = PBXFileReference; lastKnownFileType = text.plist; path = Info.plist; sourceTree = "<group>"; };
		0EFF3A172B20E42F0040A1BE /* CategoryViewModel.swift */ = {isa = PBXFileReference; lastKnownFileType = sourcecode.swift; path = CategoryViewModel.swift; sourceTree = "<group>"; };
		0EFF3A192B20E5950040A1BE /* CategoryModel.swift */ = {isa = PBXFileReference; lastKnownFileType = sourcecode.swift; path = CategoryModel.swift; sourceTree = "<group>"; };
		0EFF3A1B2B2167760040A1BE /* AboutItemViewModel.swift */ = {isa = PBXFileReference; lastKnownFileType = sourcecode.swift; path = AboutItemViewModel.swift; sourceTree = "<group>"; };
		0EFF3A1E2B218B4D0040A1BE /* Address.swift */ = {isa = PBXFileReference; lastKnownFileType = sourcecode.swift; path = Address.swift; sourceTree = "<group>"; };
		0EFF3A212B219DBA0040A1BE /* Main.swift */ = {isa = PBXFileReference; lastKnownFileType = sourcecode.swift; path = Main.swift; sourceTree = "<group>"; };
		0EFF3A232B21D2710040A1BE /* AddressViewModel.swift */ = {isa = PBXFileReference; lastKnownFileType = sourcecode.swift; path = AddressViewModel.swift; sourceTree = "<group>"; };
		0EFF3A272B2202770040A1BE /* Billing.swift */ = {isa = PBXFileReference; lastKnownFileType = sourcecode.swift; path = Billing.swift; sourceTree = "<group>"; };
		0EFF3A292B2210950040A1BE /* BillingViewModel.swift */ = {isa = PBXFileReference; lastKnownFileType = sourcecode.swift; path = BillingViewModel.swift; sourceTree = "<group>"; };
		0EFF3A2C2B2223060040A1BE /* Profile.swift */ = {isa = PBXFileReference; lastKnownFileType = sourcecode.swift; path = Profile.swift; sourceTree = "<group>"; };
		0EFF3A2E2B2223110040A1BE /* ProfileViewModel.swift */ = {isa = PBXFileReference; lastKnownFileType = sourcecode.swift; path = ProfileViewModel.swift; sourceTree = "<group>"; };
		0EFF3A372B22ACB10040A1BE /* SQLiteDatabase.swift */ = {isa = PBXFileReference; lastKnownFileType = sourcecode.swift; path = SQLiteDatabase.swift; sourceTree = "<group>"; };
		0EFF3A392B22AE420040A1BE /* SQLiteCategoriesCommands.swift */ = {isa = PBXFileReference; lastKnownFileType = sourcecode.swift; path = SQLiteCategoriesCommands.swift; sourceTree = "<group>"; };
		0EFF3A3B2B22B8CC0040A1BE /* OfflineManager.swift */ = {isa = PBXFileReference; lastKnownFileType = sourcecode.swift; path = OfflineManager.swift; sourceTree = "<group>"; };
/* End PBXFileReference section */

/* Begin PBXFrameworksBuildPhase section */
		0EFF39DF2B2060AB0040A1BE /* Frameworks */ = {
			isa = PBXFrameworksBuildPhase;
			buildActionMask = 2147483647;
			files = (
				0EFF3A322B222A5C0040A1BE /* SQLite in Frameworks */,
				0EFF3A352B2238160040A1BE /* Stripe in Frameworks */,
			);
			runOnlyForDeploymentPostprocessing = 0;
		};
/* End PBXFrameworksBuildPhase section */

/* Begin PBXGroup section */
		0E70DFD02B2554AB0035BCF3 /* Cart */ = {
			isa = PBXGroup;
			children = (
				0E70DFD12B25552B0035BCF3 /* Cart.swift */,
				0E70DFD32B2555DB0035BCF3 /* CartViewModel.swift */,
				0E70DFDA2B2559FD0035BCF3 /* CartModel.swift */,
			);
			path = Cart;
			sourceTree = "<group>";
		};
		0E70DFD52B2556B10035BCF3 /* AppModule */ = {
			isa = PBXGroup;
			children = (
				0E70DFD62B2556C60035BCF3 /* AppModule.swift */,
			);
			path = AppModule;
			sourceTree = "<group>";
		};
		0E70DFDE2B2621200035BCF3 /* Controller */ = {
			isa = PBXGroup;
			children = (
				0E70DFDF2B26214B0035BCF3 /* PaymentGatewayController.swift */,
			);
			path = Controller;
			sourceTree = "<group>";
		};
		0EFF39D92B2060AB0040A1BE = {
			isa = PBXGroup;
			children = (
				0EFF39E42B2060AB0040A1BE /* AssignmentMuseWearables */,
				0EFF39E32B2060AB0040A1BE /* Products */,
			);
			sourceTree = "<group>";
		};
		0EFF39E32B2060AB0040A1BE /* Products */ = {
			isa = PBXGroup;
			children = (
				0EFF39E22B2060AB0040A1BE /* AssignmentMuseWearables.app */,
			);
			name = Products;
			sourceTree = "<group>";
		};
		0EFF39E42B2060AB0040A1BE /* AssignmentMuseWearables */ = {
			isa = PBXGroup;
			children = (
				0EFF3A162B20DC7A0040A1BE /* Info.plist */,
				0EFF39E52B2060AB0040A1BE /* AssignmentMuseWearablesApp.swift */,
				0E70DFD52B2556B10035BCF3 /* AppModule */,
				0EFF3A362B22AC780040A1BE /* SQLiteDataBase */,
				0E70DFDE2B2621200035BCF3 /* Controller */,
				0EFF3A132B20D9D70040A1BE /* Manager */,
				0EFF39FE2B20772A0040A1BE /* Components */,
				0EFF39F32B2060D20040A1BE /* Screens */,
				0EFF39E92B2060AD0040A1BE /* Assets.xcassets */,
				0EFF39EB2B2060AD0040A1BE /* Preview Content */,
			);
			path = AssignmentMuseWearables;
			sourceTree = "<group>";
		};
		0EFF39EB2B2060AD0040A1BE /* Preview Content */ = {
			isa = PBXGroup;
			children = (
				0EFF39EC2B2060AD0040A1BE /* Preview Assets.xcassets */,
			);
			path = "Preview Content";
			sourceTree = "<group>";
		};
		0EFF39F32B2060D20040A1BE /* Screens */ = {
			isa = PBXGroup;
			children = (
				0EFF3A202B219D9C0040A1BE /* Main */,
				0EFF39F42B2060EF0040A1BE /* Home */,
				0EFF39FA2B20747E0040A1BE /* Categories */,
				0EFF3A042B20956C0040A1BE /* Category */,
				0EFF3A0A2B20B50B0040A1BE /* AboutItem */,
				0EFF3A1D2B218B100040A1BE /* Address */,
				0EFF3A262B2202650040A1BE /* Billing */,
				0E70DFD02B2554AB0035BCF3 /* Cart */,
				0EFF3A2B2B2222ED0040A1BE /* Profile */,
			);
			path = Screens;
			sourceTree = "<group>";
		};
		0EFF39F42B2060EF0040A1BE /* Home */ = {
			isa = PBXGroup;
			children = (
				0EFF39F52B2060FF0040A1BE /* Home.swift */,
				0E70DFE12B2649DB0035BCF3 /* HomeViewModel.swift */,
				0E70DFE32B264A180035BCF3 /* HomeModel.swift */,
			);
			path = Home;
			sourceTree = "<group>";
		};
		0EFF39FA2B20747E0040A1BE /* Categories */ = {
			isa = PBXGroup;
			children = (
				0EFF39FB2B20748F0040A1BE /* Categories.swift */,
				0EFF3A0D2B20D6E30040A1BE /* CategoriesViewModel.swift */,
				0EFF3A0F2B20D6F90040A1BE /* CategoriesModel.swift */,
			);
			path = Categories;
			sourceTree = "<group>";
		};
		0EFF39FE2B20772A0040A1BE /* Components */ = {
			isa = PBXGroup;
			children = (
				0EFF3A072B209D670040A1BE /* CategoriesItem */,
				0EFF3A012B208D190040A1BE /* CategoryItem */,
				0EFF39FF2B2077650040A1BE /* SearchBar.swift */,
			);
			path = Components;
			sourceTree = "<group>";
		};
		0EFF3A012B208D190040A1BE /* CategoryItem */ = {
			isa = PBXGroup;
			children = (
				0EFF3A022B208E130040A1BE /* CategoryItem.swift */,
			);
			path = CategoryItem;
			sourceTree = "<group>";
		};
		0EFF3A042B20956C0040A1BE /* Category */ = {
			isa = PBXGroup;
			children = (
				0EFF3A052B2095890040A1BE /* Category.swift */,
				0EFF3A172B20E42F0040A1BE /* CategoryViewModel.swift */,
				0EFF3A192B20E5950040A1BE /* CategoryModel.swift */,
			);
			path = Category;
			sourceTree = "<group>";
		};
		0EFF3A072B209D670040A1BE /* CategoriesItem */ = {
			isa = PBXGroup;
			children = (
				0EFF3A082B209D870040A1BE /* CategoriesItem.swift */,
			);
			path = CategoriesItem;
			sourceTree = "<group>";
		};
		0EFF3A0A2B20B50B0040A1BE /* AboutItem */ = {
			isa = PBXGroup;
			children = (
				0EFF3A0B2B20B5230040A1BE /* AboutItem.swift */,
				0EFF3A1B2B2167760040A1BE /* AboutItemViewModel.swift */,
			);
			path = AboutItem;
			sourceTree = "<group>";
		};
		0EFF3A132B20D9D70040A1BE /* Manager */ = {
			isa = PBXGroup;
			children = (
				0EFF3A142B20D9ED0040A1BE /* NetworkManager.swift */,
				0EFF3A3B2B22B8CC0040A1BE /* OfflineManager.swift */,
				0E70DFD82B2557610035BCF3 /* CartManager.swift */,
				0E70DFDC2B25FB400035BCF3 /* PaymentManager.swift */,
			);
			path = Manager;
			sourceTree = "<group>";
		};
		0EFF3A1D2B218B100040A1BE /* Address */ = {
			isa = PBXGroup;
			children = (
				0EFF3A1E2B218B4D0040A1BE /* Address.swift */,
				0EFF3A232B21D2710040A1BE /* AddressViewModel.swift */,
			);
			path = Address;
			sourceTree = "<group>";
		};
		0EFF3A202B219D9C0040A1BE /* Main */ = {
			isa = PBXGroup;
			children = (
				0EFF3A212B219DBA0040A1BE /* Main.swift */,
			);
			path = Main;
			sourceTree = "<group>";
		};
		0EFF3A262B2202650040A1BE /* Billing */ = {
			isa = PBXGroup;
			children = (
				0EFF3A272B2202770040A1BE /* Billing.swift */,
				0EFF3A292B2210950040A1BE /* BillingViewModel.swift */,
			);
			path = Billing;
			sourceTree = "<group>";
		};
		0EFF3A2B2B2222ED0040A1BE /* Profile */ = {
			isa = PBXGroup;
			children = (
				0EFF3A2C2B2223060040A1BE /* Profile.swift */,
				0EFF3A2E2B2223110040A1BE /* ProfileViewModel.swift */,
			);
			path = Profile;
			sourceTree = "<group>";
		};
		0EFF3A362B22AC780040A1BE /* SQLiteDataBase */ = {
			isa = PBXGroup;
			children = (
				0EFF3A372B22ACB10040A1BE /* SQLiteDatabase.swift */,
				0EFF3A392B22AE420040A1BE /* SQLiteCategoriesCommands.swift */,
				0E70DFCE2B24B32B0035BCF3 /* SQLiteCategoryCommands.swift */,
			);
			path = SQLiteDataBase;
			sourceTree = "<group>";
		};
/* End PBXGroup section */

/* Begin PBXNativeTarget section */
		0EFF39E12B2060AB0040A1BE /* AssignmentMuseWearables */ = {
			isa = PBXNativeTarget;
			buildConfigurationList = 0EFF39F02B2060AD0040A1BE /* Build configuration list for PBXNativeTarget "AssignmentMuseWearables" */;
			buildPhases = (
				0EFF39DE2B2060AB0040A1BE /* Sources */,
				0EFF39DF2B2060AB0040A1BE /* Frameworks */,
				0EFF39E02B2060AB0040A1BE /* Resources */,
			);
			buildRules = (
			);
			dependencies = (
			);
			name = AssignmentMuseWearables;
			packageProductDependencies = (
				0EFF3A312B222A5C0040A1BE /* SQLite */,
				0EFF3A342B2238160040A1BE /* Stripe */,
			);
			productName = AssignmentMuseWearables;
			productReference = 0EFF39E22B2060AB0040A1BE /* AssignmentMuseWearables.app */;
			productType = "com.apple.product-type.application";
		};
/* End PBXNativeTarget section */

/* Begin PBXProject section */
		0EFF39DA2B2060AB0040A1BE /* Project object */ = {
			isa = PBXProject;
			attributes = {
				BuildIndependentTargetsInParallel = 1;
				LastSwiftUpdateCheck = 1420;
				LastUpgradeCheck = 1420;
				TargetAttributes = {
					0EFF39E12B2060AB0040A1BE = {
						CreatedOnToolsVersion = 14.2;
					};
				};
			};
			buildConfigurationList = 0EFF39DD2B2060AB0040A1BE /* Build configuration list for PBXProject "AssignmentMuseWearables" */;
			compatibilityVersion = "Xcode 14.0";
			developmentRegion = en;
			hasScannedForEncodings = 0;
			knownRegions = (
				en,
				Base,
			);
			mainGroup = 0EFF39D92B2060AB0040A1BE;
			packageReferences = (
				0EFF3A302B222A5C0040A1BE /* XCRemoteSwiftPackageReference "SQLite.swift" */,
				0EFF3A332B2238160040A1BE /* XCRemoteSwiftPackageReference "stripe-ios-spm" */,
			);
			productRefGroup = 0EFF39E32B2060AB0040A1BE /* Products */;
			projectDirPath = "";
			projectRoot = "";
			targets = (
				0EFF39E12B2060AB0040A1BE /* AssignmentMuseWearables */,
			);
		};
/* End PBXProject section */

/* Begin PBXResourcesBuildPhase section */
		0EFF39E02B2060AB0040A1BE /* Resources */ = {
			isa = PBXResourcesBuildPhase;
			buildActionMask = 2147483647;
			files = (
				0EFF39ED2B2060AD0040A1BE /* Preview Assets.xcassets in Resources */,
				0EFF39EA2B2060AD0040A1BE /* Assets.xcassets in Resources */,
			);
			runOnlyForDeploymentPostprocessing = 0;
		};
/* End PBXResourcesBuildPhase section */

/* Begin PBXSourcesBuildPhase section */
		0EFF39DE2B2060AB0040A1BE /* Sources */ = {
			isa = PBXSourcesBuildPhase;
			buildActionMask = 2147483647;
			files = (
				0E70DFDD2B25FB400035BCF3 /* PaymentManager.swift in Sources */,
				0E70DFE22B2649DB0035BCF3 /* HomeViewModel.swift in Sources */,
				0EFF3A1A2B20E5950040A1BE /* CategoryModel.swift in Sources */,
				0EFF3A2D2B2223060040A1BE /* Profile.swift in Sources */,
				0EFF39F62B2060FF0040A1BE /* Home.swift in Sources */,
				0E70DFD22B25552B0035BCF3 /* Cart.swift in Sources */,
				0EFF3A002B2077650040A1BE /* SearchBar.swift in Sources */,
				0EFF39E62B2060AB0040A1BE /* AssignmentMuseWearablesApp.swift in Sources */,
				0E70DFD42B2555DB0035BCF3 /* CartViewModel.swift in Sources */,
				0E70DFD92B2557610035BCF3 /* CartManager.swift in Sources */,
				0EFF3A3C2B22B8CC0040A1BE /* OfflineManager.swift in Sources */,
				0EFF3A032B208E130040A1BE /* CategoryItem.swift in Sources */,
				0E70DFD72B2556C60035BCF3 /* AppModule.swift in Sources */,
				0EFF3A2F2B2223110040A1BE /* ProfileViewModel.swift in Sources */,
				0E70DFE02B26214B0035BCF3 /* PaymentGatewayController.swift in Sources */,
				0EFF3A182B20E42F0040A1BE /* CategoryViewModel.swift in Sources */,
				0EFF3A382B22ACB10040A1BE /* SQLiteDatabase.swift in Sources */,
				0EFF3A152B20D9ED0040A1BE /* NetworkManager.swift in Sources */,
				0E70DFDB2B2559FD0035BCF3 /* CartModel.swift in Sources */,
				0EFF3A3A2B22AE420040A1BE /* SQLiteCategoriesCommands.swift in Sources */,
				0EFF3A282B2202770040A1BE /* Billing.swift in Sources */,
				0EFF3A0C2B20B5230040A1BE /* AboutItem.swift in Sources */,
				0EFF3A102B20D6F90040A1BE /* CategoriesModel.swift in Sources */,
				0EFF3A1F2B218B4D0040A1BE /* Address.swift in Sources */,
				0EFF3A222B219DBA0040A1BE /* Main.swift in Sources */,
				0EFF3A1C2B2167760040A1BE /* AboutItemViewModel.swift in Sources */,
				0E70DFE42B264A180035BCF3 /* HomeModel.swift in Sources */,
				0EFF3A2A2B2210950040A1BE /* BillingViewModel.swift in Sources */,
				0EFF3A092B209D870040A1BE /* CategoriesItem.swift in Sources */,
				0EFF39FC2B20748F0040A1BE /* Categories.swift in Sources */,
				0E70DFCF2B24B32B0035BCF3 /* SQLiteCategoryCommands.swift in Sources */,
				0EFF3A242B21D2710040A1BE /* AddressViewModel.swift in Sources */,
				0EFF3A0E2B20D6E30040A1BE /* CategoriesViewModel.swift in Sources */,
				0EFF3A062B2095890040A1BE /* Category.swift in Sources */,
			);
			runOnlyForDeploymentPostprocessing = 0;
		};
/* End PBXSourcesBuildPhase section */

/* Begin XCBuildConfiguration section */
		0EFF39EE2B2060AD0040A1BE /* Debug */ = {
			isa = XCBuildConfiguration;
			buildSettings = {
				ALWAYS_SEARCH_USER_PATHS = NO;
				CLANG_ANALYZER_NONNULL = YES;
				CLANG_ANALYZER_NUMBER_OBJECT_CONVERSION = YES_AGGRESSIVE;
				CLANG_CXX_LANGUAGE_STANDARD = "gnu++20";
				CLANG_ENABLE_MODULES = YES;
				CLANG_ENABLE_OBJC_ARC = YES;
				CLANG_ENABLE_OBJC_WEAK = YES;
				CLANG_WARN_BLOCK_CAPTURE_AUTORELEASING = YES;
				CLANG_WARN_BOOL_CONVERSION = YES;
				CLANG_WARN_COMMA = YES;
				CLANG_WARN_CONSTANT_CONVERSION = YES;
				CLANG_WARN_DEPRECATED_OBJC_IMPLEMENTATIONS = YES;
				CLANG_WARN_DIRECT_OBJC_ISA_USAGE = YES_ERROR;
				CLANG_WARN_DOCUMENTATION_COMMENTS = YES;
				CLANG_WARN_EMPTY_BODY = YES;
				CLANG_WARN_ENUM_CONVERSION = YES;
				CLANG_WARN_INFINITE_RECURSION = YES;
				CLANG_WARN_INT_CONVERSION = YES;
				CLANG_WARN_NON_LITERAL_NULL_CONVERSION = YES;
				CLANG_WARN_OBJC_IMPLICIT_RETAIN_SELF = YES;
				CLANG_WARN_OBJC_LITERAL_CONVERSION = YES;
				CLANG_WARN_OBJC_ROOT_CLASS = YES_ERROR;
				CLANG_WARN_QUOTED_INCLUDE_IN_FRAMEWORK_HEADER = YES;
				CLANG_WARN_RANGE_LOOP_ANALYSIS = YES;
				CLANG_WARN_STRICT_PROTOTYPES = YES;
				CLANG_WARN_SUSPICIOUS_MOVE = YES;
				CLANG_WARN_UNGUARDED_AVAILABILITY = YES_AGGRESSIVE;
				CLANG_WARN_UNREACHABLE_CODE = YES;
				CLANG_WARN__DUPLICATE_METHOD_MATCH = YES;
				COPY_PHASE_STRIP = NO;
				DEBUG_INFORMATION_FORMAT = dwarf;
				ENABLE_STRICT_OBJC_MSGSEND = YES;
				ENABLE_TESTABILITY = YES;
				GCC_C_LANGUAGE_STANDARD = gnu11;
				GCC_DYNAMIC_NO_PIC = NO;
				GCC_NO_COMMON_BLOCKS = YES;
				GCC_OPTIMIZATION_LEVEL = 0;
				GCC_PREPROCESSOR_DEFINITIONS = (
					"DEBUG=1",
					"$(inherited)",
				);
				GCC_WARN_64_TO_32_BIT_CONVERSION = YES;
				GCC_WARN_ABOUT_RETURN_TYPE = YES_ERROR;
				GCC_WARN_UNDECLARED_SELECTOR = YES;
				GCC_WARN_UNINITIALIZED_AUTOS = YES_AGGRESSIVE;
				GCC_WARN_UNUSED_FUNCTION = YES;
				GCC_WARN_UNUSED_VARIABLE = YES;
				IPHONEOS_DEPLOYMENT_TARGET = 16.2;
				MTL_ENABLE_DEBUG_INFO = INCLUDE_SOURCE;
				MTL_FAST_MATH = YES;
				ONLY_ACTIVE_ARCH = YES;
				SDKROOT = iphoneos;
				SWIFT_ACTIVE_COMPILATION_CONDITIONS = DEBUG;
				SWIFT_OPTIMIZATION_LEVEL = "-Onone";
			};
			name = Debug;
		};
		0EFF39EF2B2060AD0040A1BE /* Release */ = {
			isa = XCBuildConfiguration;
			buildSettings = {
				ALWAYS_SEARCH_USER_PATHS = NO;
				CLANG_ANALYZER_NONNULL = YES;
				CLANG_ANALYZER_NUMBER_OBJECT_CONVERSION = YES_AGGRESSIVE;
				CLANG_CXX_LANGUAGE_STANDARD = "gnu++20";
				CLANG_ENABLE_MODULES = YES;
				CLANG_ENABLE_OBJC_ARC = YES;
				CLANG_ENABLE_OBJC_WEAK = YES;
				CLANG_WARN_BLOCK_CAPTURE_AUTORELEASING = YES;
				CLANG_WARN_BOOL_CONVERSION = YES;
				CLANG_WARN_COMMA = YES;
				CLANG_WARN_CONSTANT_CONVERSION = YES;
				CLANG_WARN_DEPRECATED_OBJC_IMPLEMENTATIONS = YES;
				CLANG_WARN_DIRECT_OBJC_ISA_USAGE = YES_ERROR;
				CLANG_WARN_DOCUMENTATION_COMMENTS = YES;
				CLANG_WARN_EMPTY_BODY = YES;
				CLANG_WARN_ENUM_CONVERSION = YES;
				CLANG_WARN_INFINITE_RECURSION = YES;
				CLANG_WARN_INT_CONVERSION = YES;
				CLANG_WARN_NON_LITERAL_NULL_CONVERSION = YES;
				CLANG_WARN_OBJC_IMPLICIT_RETAIN_SELF = YES;
				CLANG_WARN_OBJC_LITERAL_CONVERSION = YES;
				CLANG_WARN_OBJC_ROOT_CLASS = YES_ERROR;
				CLANG_WARN_QUOTED_INCLUDE_IN_FRAMEWORK_HEADER = YES;
				CLANG_WARN_RANGE_LOOP_ANALYSIS = YES;
				CLANG_WARN_STRICT_PROTOTYPES = YES;
				CLANG_WARN_SUSPICIOUS_MOVE = YES;
				CLANG_WARN_UNGUARDED_AVAILABILITY = YES_AGGRESSIVE;
				CLANG_WARN_UNREACHABLE_CODE = YES;
				CLANG_WARN__DUPLICATE_METHOD_MATCH = YES;
				COPY_PHASE_STRIP = NO;
				DEBUG_INFORMATION_FORMAT = "dwarf-with-dsym";
				ENABLE_NS_ASSERTIONS = NO;
				ENABLE_STRICT_OBJC_MSGSEND = YES;
				GCC_C_LANGUAGE_STANDARD = gnu11;
				GCC_NO_COMMON_BLOCKS = YES;
				GCC_WARN_64_TO_32_BIT_CONVERSION = YES;
				GCC_WARN_ABOUT_RETURN_TYPE = YES_ERROR;
				GCC_WARN_UNDECLARED_SELECTOR = YES;
				GCC_WARN_UNINITIALIZED_AUTOS = YES_AGGRESSIVE;
				GCC_WARN_UNUSED_FUNCTION = YES;
				GCC_WARN_UNUSED_VARIABLE = YES;
				IPHONEOS_DEPLOYMENT_TARGET = 16.2;
				MTL_ENABLE_DEBUG_INFO = NO;
				MTL_FAST_MATH = YES;
				SDKROOT = iphoneos;
				SWIFT_COMPILATION_MODE = wholemodule;
				SWIFT_OPTIMIZATION_LEVEL = "-O";
				VALIDATE_PRODUCT = YES;
			};
			name = Release;
		};
		0EFF39F12B2060AD0040A1BE /* Debug */ = {
			isa = XCBuildConfiguration;
			buildSettings = {
				ASSETCATALOG_COMPILER_APPICON_NAME = AppIcon;
				ASSETCATALOG_COMPILER_GLOBAL_ACCENT_COLOR_NAME = AccentColor;
				CODE_SIGN_STYLE = Automatic;
				CURRENT_PROJECT_VERSION = 1;
				DEVELOPMENT_ASSET_PATHS = "\"AssignmentMuseWearables/Preview Content\"";
				ENABLE_PREVIEWS = YES;
				GENERATE_INFOPLIST_FILE = YES;
				INFOPLIST_FILE = AssignmentMuseWearables/Info.plist;
				INFOPLIST_KEY_UIApplicationSceneManifest_Generation = YES;
				INFOPLIST_KEY_UIApplicationSupportsIndirectInputEvents = YES;
				INFOPLIST_KEY_UILaunchScreen_Generation = YES;
				INFOPLIST_KEY_UISupportedInterfaceOrientations_iPad = "UIInterfaceOrientationPortrait UIInterfaceOrientationPortraitUpsideDown UIInterfaceOrientationLandscapeLeft UIInterfaceOrientationLandscapeRight";
				INFOPLIST_KEY_UISupportedInterfaceOrientations_iPhone = "UIInterfaceOrientationPortrait UIInterfaceOrientationLandscapeLeft UIInterfaceOrientationLandscapeRight";
				LD_RUNPATH_SEARCH_PATHS = (
					"$(inherited)",
					"@executable_path/Frameworks",
				);
				MARKETING_VERSION = 1.0;
				PRODUCT_BUNDLE_IDENTIFIER = com.AssignmentMuseWearables;
				PRODUCT_NAME = "$(TARGET_NAME)";
				SWIFT_EMIT_LOC_STRINGS = YES;
				SWIFT_VERSION = 5.0;
				TARGETED_DEVICE_FAMILY = "1,2";
			};
			name = Debug;
		};
		0EFF39F22B2060AD0040A1BE /* Release */ = {
			isa = XCBuildConfiguration;
			buildSettings = {
				ASSETCATALOG_COMPILER_APPICON_NAME = AppIcon;
				ASSETCATALOG_COMPILER_GLOBAL_ACCENT_COLOR_NAME = AccentColor;
				CODE_SIGN_STYLE = Automatic;
				CURRENT_PROJECT_VERSION = 1;
				DEVELOPMENT_ASSET_PATHS = "\"AssignmentMuseWearables/Preview Content\"";
				ENABLE_PREVIEWS = YES;
				GENERATE_INFOPLIST_FILE = YES;
				INFOPLIST_FILE = AssignmentMuseWearables/Info.plist;
				INFOPLIST_KEY_UIApplicationSceneManifest_Generation = YES;
				INFOPLIST_KEY_UIApplicationSupportsIndirectInputEvents = YES;
				INFOPLIST_KEY_UILaunchScreen_Generation = YES;
				INFOPLIST_KEY_UISupportedInterfaceOrientations_iPad = "UIInterfaceOrientationPortrait UIInterfaceOrientationPortraitUpsideDown UIInterfaceOrientationLandscapeLeft UIInterfaceOrientationLandscapeRight";
				INFOPLIST_KEY_UISupportedInterfaceOrientations_iPhone = "UIInterfaceOrientationPortrait UIInterfaceOrientationLandscapeLeft UIInterfaceOrientationLandscapeRight";
				LD_RUNPATH_SEARCH_PATHS = (
					"$(inherited)",
					"@executable_path/Frameworks",
				);
				MARKETING_VERSION = 1.0;
				PRODUCT_BUNDLE_IDENTIFIER = com.AssignmentMuseWearables;
				PRODUCT_NAME = "$(TARGET_NAME)";
				SWIFT_EMIT_LOC_STRINGS = YES;
				SWIFT_VERSION = 5.0;
				TARGETED_DEVICE_FAMILY = "1,2";
			};
			name = Release;
		};
/* End XCBuildConfiguration section */

/* Begin XCConfigurationList section */
		0EFF39DD2B2060AB0040A1BE /* Build configuration list for PBXProject "AssignmentMuseWearables" */ = {
			isa = XCConfigurationList;
			buildConfigurations = (
				0EFF39EE2B2060AD0040A1BE /* Debug */,
				0EFF39EF2B2060AD0040A1BE /* Release */,
			);
			defaultConfigurationIsVisible = 0;
			defaultConfigurationName = Release;
		};
		0EFF39F02B2060AD0040A1BE /* Build configuration list for PBXNativeTarget "AssignmentMuseWearables" */ = {
			isa = XCConfigurationList;
			buildConfigurations = (
				0EFF39F12B2060AD0040A1BE /* Debug */,
				0EFF39F22B2060AD0040A1BE /* Release */,
			);
			defaultConfigurationIsVisible = 0;
			defaultConfigurationName = Release;
		};
/* End XCConfigurationList section */

/* Begin XCRemoteSwiftPackageReference section */
		0EFF3A302B222A5C0040A1BE /* XCRemoteSwiftPackageReference "SQLite.swift" */ = {
			isa = XCRemoteSwiftPackageReference;
			repositoryURL = "https://github.com/stephencelis/SQLite.swift.git";
			requirement = {
				kind = upToNextMajorVersion;
				minimumVersion = 0.9.2;
			};
		};
		0EFF3A332B2238160040A1BE /* XCRemoteSwiftPackageReference "stripe-ios-spm" */ = {
			isa = XCRemoteSwiftPackageReference;
			repositoryURL = "https://github.com/stripe/stripe-ios-spm";
			requirement = {
				kind = upToNextMajorVersion;
				minimumVersion = 23.0.0;
			};
		};
/* End XCRemoteSwiftPackageReference section */

/* Begin XCSwiftPackageProductDependency section */
		0EFF3A312B222A5C0040A1BE /* SQLite */ = {
			isa = XCSwiftPackageProductDependency;
			package = 0EFF3A302B222A5C0040A1BE /* XCRemoteSwiftPackageReference "SQLite.swift" */;
			productName = SQLite;
		};
		0EFF3A342B2238160040A1BE /* Stripe */ = {
			isa = XCSwiftPackageProductDependency;
			package = 0EFF3A332B2238160040A1BE /* XCRemoteSwiftPackageReference "stripe-ios-spm" */;
			productName = Stripe;
		};
/* End XCSwiftPackageProductDependency section */
	};
	rootObject = 0EFF39DA2B2060AB0040A1BE /* Project object */;
}
